
Microsoft Visual Studio Solution File, Format Version 12.00
# Visual Studio 15
VisualStudioVersion = 15.0.26124.0
MinimumVisualStudioVersion = 15.0.26124.0
Project("{2150E333-8FDC-42A3-9474-1A3956D46DE8}") = "src", "src", "{ACF0BC18-C575-41AD-96B1-4548DBB5DE3B}"
EndProject
Project("{FAE04EC0-301F-11D3-BF4B-00C04F79EFBC}") = "CommandAPI", "src\CommandAPI\CommandAPI.csproj", "{8ADEB7D6-D570-468D-83E5-49C44B2214FF}"
EndProject
Project("{2150E333-8FDC-42A3-9474-1A3956D46DE8}") = "test", "test", "{05A0EC9B-3FD7-49A9-B890-326DF693037A}"
EndProject
Project("{FAE04EC0-301F-11D3-BF4B-00C04F79EFBC}") = "CommandAPI.Tests", "test\CommandAPI.Tests\CommandAPI.Tests.csproj", "{433433E2-7381-456A-B4BC-BFE9820F0546}"
EndProject
Global
	GlobalSection(SolutionConfigurationPlatforms) = preSolution
		Debug|Any CPU = Debug|Any CPU
		Debug|x64 = Debug|x64
		Debug|x86 = Debug|x86
		Release|Any CPU = Release|Any CPU
		Release|x64 = Release|x64
		Release|x86 = Release|x86
	EndGlobalSection
	GlobalSection(SolutionProperties) = preSolution
		HideSolutionNode = FALSE
	EndGlobalSection
	GlobalSection(ProjectConfigurationPlatforms) = postSolution
		{8ADEB7D6-D570-468D-83E5-49C44B2214FF}.Debug|Any CPU.ActiveCfg = Debug|Any CPU
		{8ADEB7D6-D570-468D-83E5-49C44B2214FF}.Debug|Any CPU.Build.0 = Debug|Any CPU
		{8ADEB7D6-D570-468D-83E5-49C44B2214FF}.Debug|x64.ActiveCfg = Debug|Any CPU
		{8ADEB7D6-D570-468D-83E5-49C44B2214FF}.Debug|x64.Build.0 = Debug|Any CPU
		{8ADEB7D6-D570-468D-83E5-49C44B2214FF}.Debug|x86.ActiveCfg = Debug|Any CPU
		{8ADEB7D6-D570-468D-83E5-49C44B2214FF}.Debug|x86.Build.0 = Debug|Any CPU
		{8ADEB7D6-D570-468D-83E5-49C44B2214FF}.Release|Any CPU.ActiveCfg = Release|Any CPU
		{8ADEB7D6-D570-468D-83E5-49C44B2214FF}.Release|Any CPU.Build.0 = Release|Any CPU
		{8ADEB7D6-D570-468D-83E5-49C44B2214FF}.Release|x64.ActiveCfg = Release|Any CPU
		{8ADEB7D6-D570-468D-83E5-49C44B2214FF}.Release|x64.Build.0 = Release|Any CPU
		{8ADEB7D6-D570-468D-83E5-49C44B2214FF}.Release|x86.ActiveCfg = Release|Any CPU
		{8ADEB7D6-D570-468D-83E5-49C44B2214FF}.Release|x86.Build.0 = Release|Any CPU
		{433433E2-7381-456A-B4BC-BFE9820F0546}.Debug|Any CPU.ActiveCfg = Debug|Any CPU
		{433433E2-7381-456A-B4BC-BFE9820F0546}.Debug|Any CPU.Build.0 = Debug|Any CPU
		{433433E2-7381-456A-B4BC-BFE9820F0546}.Debug|x64.ActiveCfg = Debug|Any CPU
		{433433E2-7381-456A-B4BC-BFE9820F0546}.Debug|x64.Build.0 = Debug|Any CPU
		{433433E2-7381-456A-B4BC-BFE9820F0546}.Debug|x86.ActiveCfg = Debug|Any CPU
		{433433E2-7381-456A-B4BC-BFE9820F0546}.Debug|x86.Build.0 = Debug|Any CPU
		{433433E2-7381-456A-B4BC-BFE9820F0546}.Release|Any CPU.ActiveCfg = Release|Any CPU
		{433433E2-7381-456A-B4BC-BFE9820F0546}.Release|Any CPU.Build.0 = Release|Any CPU
		{433433E2-7381-456A-B4BC-BFE9820F0546}.Release|x64.ActiveCfg = Release|Any CPU
		{433433E2-7381-456A-B4BC-BFE9820F0546}.Release|x64.Build.0 = Release|Any CPU
		{433433E2-7381-456A-B4BC-BFE9820F0546}.Release|x86.ActiveCfg = Release|Any CPU
		{433433E2-7381-456A-B4BC-BFE9820F0546}.Release|x86.Build.0 = Release|Any CPU
	EndGlobalSection
	GlobalSection(NestedProjects) = preSolution
		{8ADEB7D6-D570-468D-83E5-49C44B2214FF} = {ACF0BC18-C575-41AD-96B1-4548DBB5DE3B}
		{433433E2-7381-456A-B4BC-BFE9820F0546} = {05A0EC9B-3FD7-49A9-B890-326DF693037A}
	EndGlobalSection
EndGlobal
